PODS:
  - DiffableDataSources (0.2.0):
    - DifferenceKit/AppKitExtension (~> 1.1)
    - DifferenceKit/UIKitExtension (~> 1.1)
  - DifferenceKit/Core (1.1.3)
  - DifferenceKit/UIKitExtension (1.1.3):
    - DifferenceKit/Core
  - IBPCollectionViewCompositionalLayout (0.6.7)

DEPENDENCIES:
  - DiffableDataSources
  - IBPCollectionViewCompositionalLayout

SPEC REPOS:
  trunk:
    - DiffableDataSources
    - DifferenceKit
    - IBPCollectionViewCompositionalLayout

SPEC CHECKSUMS:
  DiffableDataSources: d67c7fe103c0eb2077fbaa73d9a231721455988e
  DifferenceKit: 5018791b6c1fc839921a3c171a0a539ace6ea60c
  IBPCollectionViewCompositionalLayout: 06cf9aa021fd80807385d5c49ece4364609a0c97

PODFILE CHECKSUM: dee3d67aece4ea5db0cd3f29ce751d94856f8f8f

COCOAPODS: 1.8.4
